
Microsoft Visual Studio Solution File, Format Version 12.00
# Visual Studio Version 16
VisualStudioVersion = 16.0.30517.126
MinimumVisualStudioVersion = 10.0.40219.1
Project("{FAE04EC0-301F-11D3-BF4B-00C04F79EFBC}") = "CampbellDeliverable2", "CampbellDeliverable2\CampbellDeliverable2.csproj", "{169D3B40-304E-4C1A-92E2-B4BBB424F81F}"
EndProject
Global
	GlobalSection(SolutionConfigurationPlatforms) = preSolution
		Debug|Any CPU = Debug|Any CPU
		Release|Any CPU = Release|Any CPU
	EndGlobalSection
	GlobalSection(ProjectConfigurationPlatforms) = postSolution
		{169D3B40-304E-4C1A-92E2-B4BBB424F81F}.Debug|Any CPU.ActiveCfg = Debug|Any CPU
		{169D3B40-304E-4C1A-92E2-B4BBB424F81F}.Debug|Any CPU.Build.0 = Debug|Any CPU
		{169D3B40-304E-4C1A-92E2-B4BBB424F81F}.Release|Any CPU.ActiveCfg = Release|Any CPU
		{169D3B40-304E-4C1A-92E2-B4BBB424F81F}.Release|Any CPU.Build.0 = Release|Any CPU
	EndGlobalSection
	GlobalSection(SolutionProperties) = preSolution
		HideSolutionNode = FALSE
	EndGlobalSection
	GlobalSection(ExtensibilityGlobals) = postSolution
		SolutionGuid = {478F7556-A685-429C-80FC-9F2420B8FB95}
	EndGlobalSection
EndGlobal
